
Microsoft Visual Studio Solution File, Format Version 12.00
# Visual Studio Version 17
VisualStudioVersion = 17.8.34322.80
MinimumVisualStudioVersion = 10.0.40219.1
Project("{FAE04EC0-301F-11D3-BF4B-00C04F79EFBC}") = "QL_Hanghoa", "QL_Hanghoa\QL_Hanghoa.csproj", "{05256C51-F9F0-4D92-96B4-B3B2EFB4B4E0}"
EndProject
Global
	GlobalSection(SolutionConfigurationPlatforms) = preSolution
		Debug|Any CPU = Debug|Any CPU
		Release|Any CPU = Release|Any CPU
	EndGlobalSection
	GlobalSection(ProjectConfigurationPlatforms) = postSolution
		{05256C51-F9F0-4D92-96B4-B3B2EFB4B4E0}.Debug|Any CPU.ActiveCfg = Debug|Any CPU
		{05256C51-F9F0-4D92-96B4-B3B2EFB4B4E0}.Debug|Any CPU.Build.0 = Debug|Any CPU
		{05256C51-F9F0-4D92-96B4-B3B2EFB4B4E0}.Release|Any CPU.ActiveCfg = Release|Any CPU
		{05256C51-F9F0-4D92-96B4-B3B2EFB4B4E0}.Release|Any CPU.Build.0 = Release|Any CPU
	EndGlobalSection
	GlobalSection(SolutionProperties) = preSolution
		HideSolutionNode = FALSE
	EndGlobalSection
	GlobalSection(ExtensibilityGlobals) = postSolution
		SolutionGuid = {120E8C00-0B19-4BAF-A700-C48F32C434D1}
	EndGlobalSection
EndGlobal
